<?xml version="1.0" encoding="utf-8"?>
<Project ToolsVersion="4.0" xmlns="http://schemas.microsoft.com/developer/msbuild/2003">
  <ItemGroup>
    <Filter Include="Source Files">
      <UniqueIdentifier>{4FC737F1-C7A5-4376-A066-2A32D752A2FF}</UniqueIdentifier>
      <Extensions>cpp;c;cc;cxx;c++;cppm;ixx;def;odl;idl;hpj;bat;asm;asmx</Extensions>
    </Filter>
    <Filter Include="Header Files">
      <UniqueIdentifier>{93995380-89BD-4b04-88EB-625FBE52EBFB}</UniqueIdentifier>
      <Extensions>h;hh;hpp;hxx;h++;hm;inl;inc;ipp;xsd</Extensions>
    </Filter>
    <Filter Include="Resource Files">
      <UniqueIdentifier>{67DA6AB6-F800-4c08-8B7A-83BB121AAD01}</UniqueIdentifier>
      <Extensions>rc;ico;cur;bmp;dlg;rc2;rct;bin;rgs;gif;jpg;jpeg;jpe;resx;tiff;tif;png;wav;mfcribbon-ms</Extensions>
    </Filter>
  </ItemGroup>
  <ItemGroup>
    <ClCompile Include="main.cpp">
      <Filter>Source Files</Filter>
    </ClCompile>
    <ClCompile Include="CommonFunc.cpp">
      <Filter>Source Files</Filter>
    </ClCompile>
    <ClCompile Include="BaseObject.cpp">
      <Filter>Source Files</Filter>
    </ClCompile>
    <ClCompile Include="MainObject.cpp">
      <Filter>Source Files</Filter>
    </ClCompile>
    <ClCompile Include="MonstersObject.cpp">
      <Filter>Source Files</Filter>
    </ClCompile>
    <ClCompile Include="BatsObject.cpp">
      <Filter>Source Files</Filter>
    </ClCompile>
    <ClCompile Include="HouseObject.cpp">
      <Filter>Source Files</Filter>
    </ClCompile>
    <ClCompile Include="GameiLLustrate.cpp">
      <Filter>Source Files</Filter>
    </ClCompile>
    <ClCompile Include="MonHP.cpp">
      <Filter>Source Files</Filter>
    </ClCompile>
    <ClCompile Include="BatHP.cpp">
      <Filter>Source Files</Filter>
    </ClCompile>
    <ClCompile Include="Magic2.cpp">
      <Filter>Source Files</Filter>
    </ClCompile>
    <ClCompile Include="Laser1.cpp">
      <Filter>Source Files</Filter>
    </ClCompile>
    <ClCompile Include="Laser2.cpp">
      <Filter>Source Files</Filter>
    </ClCompile>
    <ClCompile Include="Magic1HP.cpp">
      <Filter>Source Files</Filter>
    </ClCompile>
    <ClCompile Include="Laser1HP.cpp">
      <Filter>Source Files</Filter>
    </ClCompile>
    <ClCompile Include="Laser2HP.cpp">
      <Filter>Source Files</Filter>
    </ClCompile>
    <ClCompile Include="Magic2HP.cpp">
      <Filter>Source Files</Filter>
    </ClCompile>
    <ClCompile Include="Text.cpp">
      <Filter>Source Files</Filter>
    </ClCompile>
    <ClCompile Include="Bullet.cpp">
      <Filter>Source Files</Filter>
    </ClCompile>
    <ClCompile Include="Timer.cpp">
      <Filter>Source Files</Filter>
    </ClCompile>
  </ItemGroup>
  <ItemGroup>
    <ClInclude Include="CommonFunc.h">
      <Filter>Header Files</Filter>
    </ClInclude>
    <ClInclude Include="BaseObject.h">
      <Filter>Header Files</Filter>
    </ClInclude>
    <ClInclude Include="MainObject.h">
      <Filter>Header Files</Filter>
    </ClInclude>
    <ClInclude Include="MonstersObject.h">
      <Filter>Header Files</Filter>
    </ClInclude>
    <ClInclude Include="BatsObject.h">
      <Filter>Header Files</Filter>
    </ClInclude>
    <ClInclude Include="HouseObject.h">
      <Filter>Header Files</Filter>
    </ClInclude>
    <ClInclude Include="GameiLLustrate.h">
      <Filter>Header Files</Filter>
    </ClInclude>
    <ClInclude Include="MonHP.h">
      <Filter>Header Files</Filter>
    </ClInclude>
    <ClInclude Include="BatHP.h">
      <Filter>Header Files</Filter>
    </ClInclude>
    <ClInclude Include="Magic2.h">
      <Filter>Header Files</Filter>
    </ClInclude>
    <ClInclude Include="Laser1.h">
      <Filter>Header Files</Filter>
    </ClInclude>
    <ClInclude Include="Laser2.h">
      <Filter>Header Files</Filter>
    </ClInclude>
    <ClInclude Include="Magic1HP.h">
      <Filter>Header Files</Filter>
    </ClInclude>
    <ClInclude Include="Laser1HP.h">
      <Filter>Header Files</Filter>
    </ClInclude>
    <ClInclude Include="Laser2HP.h">
      <Filter>Header Files</Filter>
    </ClInclude>
    <ClInclude Include="Magic2HP.h">
      <Filter>Header Files</Filter>
    </ClInclude>
    <ClInclude Include="Text.h">
      <Filter>Header Files</Filter>
    </ClInclude>
    <ClInclude Include="Bullet.h">
      <Filter>Header Files</Filter>
    </ClInclude>
    <ClInclude Include="Timer.h">
      <Filter>Header Files</Filter>
    </ClInclude>
  </ItemGroup>
</Project>